{
    "_readme": [
        "This file locks the dependencies of your project to a known state",
        "Read more about it at https://getcomposer.org/doc/01-basic-usage.md#installing-dependencies",
        "This file is @generated automatically"
    ],
    "content-hash": "9b55c42d8b33a4e0148cd2dec8cc828d",
    "packages": [
        {
            "name": "deployer/deployer",
            "version": "v7.5.12",
            "source": {
                "type": "git",
                "url": "https://github.com/deployphp/deployer.git",
                "reference": "efc71dac9ccc86b3f9946e75d50cb106b775aae2"
            },
            "dist": {
                "type": "zip",
                "url": "https://api.github.com/repos/deployphp/deployer/zipball/efc71dac9ccc86b3f9946e75d50cb106b775aae2",
                "reference": "efc71dac9ccc86b3f9946e75d50cb106b775aae2",
                "shasum": ""
            },
            "require": {
                "ext-json": "*",
                "php": "^8.0|^7.3"
            },
            "require-dev": {
                "friendsofphp/php-cs-fixer": "^3.64",
                "pestphp/pest": "^3.3",
                "phpstan/phpstan": "^1.4",
                "phpunit/php-code-coverage": "^11.0",
                "phpunit/phpunit": "^11.4"
            },
            "bin": [
                "bin/dep"
            ],
            "type": "library",
            "notification-url": "https://packagist.org/downloads/",
            "license": [
                "MIT"
            ],
            "authors": [
                {
                    "name": "Anton Medvedev",
                    "email": "anton@medv.io"
                }
            ],
            "description": "Deployment Tool",
            "homepage": "https://deployer.org",
            "support": {
                "docs": "https://deployer.org/docs",
                "issues": "https://github.com/deployphp/deployer/issues",
                "source": "https://github.com/deployphp/deployer"
            },
            "funding": [
                {
                    "url": "https://github.com/sponsors/antonmedv",
                    "type": "github"
                }
            ],
            "time": "2025-02-19T16:45:27+00:00"
        }
    ],
    "packages-dev": [],
    "aliases": [],
    "minimum-stability": "stable",
    "stability-flags": {},
    "prefer-stable": false,
    "prefer-lowest": false,
    "platform": {},
    "platform-dev": {},
    "platform-overrides": {
        "php": "8.4.0"
    },
    "plugin-api-version": "2.9.0"
}
